
Microsoft Visual Studio Solution File, Format Version 12.00
# Visual Studio Version 16
VisualStudioVersion = 16.0.30804.86
MinimumVisualStudioVersion = 10.0.40219.1
Project("{FAE04EC0-301F-11D3-BF4B-00C04F79EFBC}") = "exercise01", "exercise01\exercise01.csproj", "{66137DB5-E00E-4FBB-8CD7-E647CAD8353A}"
EndProject
Global
	GlobalSection(SolutionConfigurationPlatforms) = preSolution
		Debug|Any CPU = Debug|Any CPU
		Release|Any CPU = Release|Any CPU
	EndGlobalSection
	GlobalSection(ProjectConfigurationPlatforms) = postSolution
		{66137DB5-E00E-4FBB-8CD7-E647CAD8353A}.Debug|Any CPU.ActiveCfg = Debug|Any CPU
		{66137DB5-E00E-4FBB-8CD7-E647CAD8353A}.Debug|Any CPU.Build.0 = Debug|Any CPU
		{66137DB5-E00E-4FBB-8CD7-E647CAD8353A}.Release|Any CPU.ActiveCfg = Release|Any CPU
		{66137DB5-E00E-4FBB-8CD7-E647CAD8353A}.Release|Any CPU.Build.0 = Release|Any CPU
	EndGlobalSection
	GlobalSection(SolutionProperties) = preSolution
		HideSolutionNode = FALSE
	EndGlobalSection
	GlobalSection(ExtensibilityGlobals) = postSolution
		SolutionGuid = {AED42729-B31A-4507-9710-B87132D37282}
	EndGlobalSection
EndGlobal
